// !$*UTF8*$!
{
	archiveVersion = 1;
	classes = {
	};
	objectVersion = 50;
	objects = {

/* Begin PBXBuildFile section */
		BE20108C24EC749200C0A00A /* Person+CoreDataClass.swift in Sources */ = {isa = PBXBuildFile; fileRef = BE20108A24EC749200C0A00A /* Person+CoreDataClass.swift */; };
		BE20108D24EC749200C0A00A /* Person+CoreDataProperties.swift in Sources */ = {isa = PBXBuildFile; fileRef = BE20108B24EC749200C0A00A /* Person+CoreDataProperties.swift */; };
		BEACF09724E2EE1700E78F4B /* AppDelegate.swift in Sources */ = {isa = PBXBuildFile; fileRef = BEACF09624E2EE1700E78F4B /* AppDelegate.swift */; };
		BEACF09924E2EE1700E78F4B /* SceneDelegate.swift in Sources */ = {isa = PBXBuildFile; fileRef = BEACF09824E2EE1700E78F4B /* SceneDelegate.swift */; };
		BEACF09B24E2EE1700E78F4B /* ViewController.swift in Sources */ = {isa = PBXBuildFile; fileRef = BEACF09A24E2EE1700E78F4B /* ViewController.swift */; };
		BEACF09E24E2EE1700E78F4B /* Main.storyboard in Resources */ = {isa = PBXBuildFile; fileRef = BEACF09C24E2EE1700E78F4B /* Main.storyboard */; };
		BEACF0A124E2EE1700E78F4B /* CoreDataDemo.xcdatamodeld in Sources */ = {isa = PBXBuildFile; fileRef = BEACF09F24E2EE1700E78F4B /* CoreDataDemo.xcdatamodeld */; };
		BEACF0A324E2EE1A00E78F4B /* Assets.xcassets in Resources */ = {isa = PBXBuildFile; fileRef = BEACF0A224E2EE1A00E78F4B /* Assets.xcassets */; };
		BEACF0A624E2EE1A00E78F4B /* LaunchScreen.storyboard in Resources */ = {isa = PBXBuildFile; fileRef = BEACF0A424E2EE1A00E78F4B /* LaunchScreen.storyboard */; };
/* End PBXBuildFile section */

/* Begin PBXFileReference section */
		BE20108A24EC749200C0A00A /* Person+CoreDataClass.swift */ = {isa = PBXFileReference; lastKnownFileType = sourcecode.swift; name = "Person+CoreDataClass.swift"; path = "../../Person+CoreDataClass.swift"; sourceTree = "<group>"; };
		BE20108B24EC749200C0A00A /* Person+CoreDataProperties.swift */ = {isa = PBXFileReference; lastKnownFileType = sourcecode.swift; name = "Person+CoreDataProperties.swift"; path = "../../Person+CoreDataProperties.swift"; sourceTree = "<group>"; };
		BEACF09324E2EE1700E78F4B /* CoreDataDemo.app */ = {isa = PBXFileReference; explicitFileType = wrapper.application; includeInIndex = 0; path = CoreDataDemo.app; sourceTree = BUILT_PRODUCTS_DIR; };
		BEACF09624E2EE1700E78F4B /* AppDelegate.swift */ = {isa = PBXFileReference; lastKnownFileType = sourcecode.swift; path = AppDelegate.swift; sourceTree = "<group>"; };
		BEACF09824E2EE1700E78F4B /* SceneDelegate.swift */ = {isa = PBXFileReference; lastKnownFileType = sourcecode.swift; path = SceneDelegate.swift; sourceTree = "<group>"; };
		BEACF09A24E2EE1700E78F4B /* ViewController.swift */ = {isa = PBXFileReference; lastKnownFileType = sourcecode.swift; path = ViewController.swift; sourceTree = "<group>"; };
		BEACF09D24E2EE1700E78F4B /* Base */ = {isa = PBXFileReference; lastKnownFileType = file.storyboard; name = Base; path = Base.lproj/Main.storyboard; sourceTree = "<group>"; };
		BEACF0A024E2EE1700E78F4B /* CoreDataDemo.xcdatamodel */ = {isa = PBXFileReference; lastKnownFileType = wrapper.xcdatamodel; path = CoreDataDemo.xcdatamodel; sourceTree = "<group>"; };
		BEACF0A224E2EE1A00E78F4B /* Assets.xcassets */ = {isa = PBXFileReference; lastKnownFileType = folder.assetcatalog; path = Assets.xcassets; sourceTree = "<group>"; };
		BEACF0A524E2EE1A00E78F4B /* Base */ = {isa = PBXFileReference; lastKnownFileType = file.storyboard; name = Base; path = Base.lproj/LaunchScreen.storyboard; sourceTree = "<group>"; };
		BEACF0A724E2EE1A00E78F4B /* Info.plist */ = {isa = PBXFileReference; lastKnownFileType = text.plist.xml; path = Info.plist; sourceTree = "<group>"; };
/* End PBXFileReference section */

/* Begin PBXFrameworksBuildPhase section */
		BEACF09024E2EE1700E78F4B /* Frameworks */ = {
			isa = PBXFrameworksBuildPhase;
			buildActionMask = 2147483647;
			files = (
			);
			runOnlyForDeploymentPostprocessing = 0;
		};
/* End PBXFrameworksBuildPhase section */

/* Begin PBXGroup section */
		BE20108524EC605A00C0A00A /* Model */ = {
			isa = PBXGroup;
			children = (
				BE20108A24EC749200C0A00A /* Person+CoreDataClass.swift */,
				BE20108B24EC749200C0A00A /* Person+CoreDataProperties.swift */,
			);
			path = Model;
			sourceTree = "<group>";
		};
		BEACF08A24E2EE1700E78F4B = {
			isa = PBXGroup;
			children = (
				BEACF09524E2EE1700E78F4B /* CoreDataDemo */,
				BEACF09424E2EE1700E78F4B /* Products */,
			);
			sourceTree = "<group>";
		};
		BEACF09424E2EE1700E78F4B /* Products */ = {
			isa = PBXGroup;
			children = (
				BEACF09324E2EE1700E78F4B /* CoreDataDemo.app */,
			);
			name = Products;
			sourceTree = "<group>";
		};
		BEACF09524E2EE1700E78F4B /* CoreDataDemo */ = {
			isa = PBXGroup;
			children = (
				BE20108524EC605A00C0A00A /* Model */,
				BEACF09624E2EE1700E78F4B /* AppDelegate.swift */,
				BEACF09824E2EE1700E78F4B /* SceneDelegate.swift */,
				BEACF09A24E2EE1700E78F4B /* ViewController.swift */,
				BEACF09C24E2EE1700E78F4B /* Main.storyboard */,
				BEACF0A224E2EE1A00E78F4B /* Assets.xcassets */,
				BEACF0A424E2EE1A00E78F4B /* LaunchScreen.storyboard */,
				BEACF0A724E2EE1A00E78F4B /* Info.plist */,
				BEACF09F24E2EE1700E78F4B /* CoreDataDemo.xcdatamodeld */,
			);
			path = CoreDataDemo;
			sourceTree = "<group>";
		};
/* End PBXGroup section */

/* Begin PBXNativeTarget section */
		BEACF09224E2EE1700E78F4B /* CoreDataDemo */ = {
			isa = PBXNativeTarget;
			buildConfigurationList = BEACF0AA24E2EE1A00E78F4B /* Build configuration list for PBXNativeTarget "CoreDataDemo" */;
			buildPhases = (
				BEACF08F24E2EE1700E78F4B /* Sources */,
				BEACF09024E2EE1700E78F4B /* Frameworks */,
				BEACF09124E2EE1700E78F4B /* Resources */,
			);
			buildRules = (
			);
			dependencies = (
			);
			name = CoreDataDemo;
			productName = CoreDataDemo;
			productReference = BEACF09324E2EE1700E78F4B /* CoreDataDemo.app */;
			productType = "com.apple.product-type.application";
		};
/* End PBXNativeTarget section */

/* Begin PBXProject section */
		BEACF08B24E2EE1700E78F4B /* Project object */ = {
			isa = PBXProject;
			attributes = {
				LastSwiftUpdateCheck = 1160;
				LastUpgradeCheck = 1160;
				ORGANIZATIONNAME = "José Henrique Fernandes Silva";
				TargetAttributes = {
					BEACF09224E2EE1700E78F4B = {
						CreatedOnToolsVersion = 11.6;
					};
				};
			};
			buildConfigurationList = BEACF08E24E2EE1700E78F4B /* Build configuration list for PBXProject "CoreDataDemo" */;
			compatibilityVersion = "Xcode 9.3";
			developmentRegion = en;
			hasScannedForEncodings = 0;
			knownRegions = (
				en,
				Base,
			);
			mainGroup = BEACF08A24E2EE1700E78F4B;
			productRefGroup = BEACF09424E2EE1700E78F4B /* Products */;
			projectDirPath = "";
			projectRoot = "";
			targets = (
				BEACF09224E2EE1700E78F4B /* CoreDataDemo */,
			);
		};
/* End PBXProject section */

/* Begin PBXResourcesBuildPhase section */
		BEACF09124E2EE1700E78F4B /* Resources */ = {
			isa = PBXResourcesBuildPhase;
			buildActionMask = 2147483647;
			files = (
				BEACF0A624E2EE1A00E78F4B /* LaunchScreen.storyboard in Resources */,
				BEACF0A324E2EE1A00E78F4B /* Assets.xcassets in Resources */,
				BEACF09E24E2EE1700E78F4B /* Main.storyboard in Resources */,
			);
			runOnlyForDeploymentPostprocessing = 0;
		};
/* End PBXResourcesBuildPhase section */

/* Begin PBXSourcesBuildPhase section */
		BEACF08F24E2EE1700E78F4B /* Sources */ = {
			isa = PBXSourcesBuildPhase;
			buildActionMask = 2147483647;
			files = (
				BEACF09B24E2EE1700E78F4B /* ViewController.swift in Sources */,
				BEACF0A124E2EE1700E78F4B /* CoreDataDemo.xcdatamodeld in Sources */,
				BE20108D24EC749200C0A00A /* Person+CoreDataProperties.swift in Sources */,
				BE20108C24EC749200C0A00A /* Person+CoreDataClass.swift in Sources */,
				BEACF09724E2EE1700E78F4B /* AppDelegate.swift in Sources */,
				BEACF09924E2EE1700E78F4B /* SceneDelegate.swift in Sources */,
			);
			runOnlyForDeploymentPostprocessing = 0;
		};
/* End PBXSourcesBuildPhase section */

/* Begin PBXVariantGroup section */
		BEACF09C24E2EE1700E78F4B /* Main.storyboard */ = {
			isa = PBXVariantGroup;
			children = (
				BEACF09D24E2EE1700E78F4B /* Base */,
			);
			name = Main.storyboard;
			sourceTree = "<group>";
		};
		BEACF0A424E2EE1A00E78F4B /* LaunchScreen.storyboard */ = {
			isa = PBXVariantGroup;
			children = (
				BEACF0A524E2EE1A00E78F4B /* Base */,
			);
			name = LaunchScreen.storyboard;
			sourceTree = "<group>";
		};
/* End PBXVariantGroup section */

/* Begin XCBuildConfiguration section */
		BEACF0A824E2EE1A00E78F4B /* Debug */ = {
			isa = XCBuildConfiguration;
			buildSettings = {
				ALWAYS_SEARCH_USER_PATHS = NO;
				CLANG_ANALYZER_NONNULL = YES;
				CLANG_ANALYZER_NUMBER_OBJECT_CONVERSION = YES_AGGRESSIVE;
				CLANG_CXX_LANGUAGE_STANDARD = "gnu++14";
				CLANG_CXX_LIBRARY = "libc++";
				CLANG_ENABLE_MODULES = YES;
				CLANG_ENABLE_OBJC_ARC = YES;
				CLANG_ENABLE_OBJC_WEAK = YES;
				CLANG_WARN_BLOCK_CAPTURE_AUTORELEASING = YES;
				CLANG_WARN_BOOL_CONVERSION = YES;
				CLANG_WARN_COMMA = YES;
				CLANG_WARN_CONSTANT_CONVERSION = YES;
				CLANG_WARN_DEPRECATED_OBJC_IMPLEMENTATIONS = YES;
				CLANG_WARN_DIRECT_OBJC_ISA_USAGE = YES_ERROR;
				CLANG_WARN_DOCUMENTATION_COMMENTS = YES;
				CLANG_WARN_EMPTY_BODY = YES;
				CLANG_WARN_ENUM_CONVERSION = YES;
				CLANG_WARN_INFINITE_RECURSION = YES;
				CLANG_WARN_INT_CONVERSION = YES;
				CLANG_WARN_NON_LITERAL_NULL_CONVERSION = YES;
				CLANG_WARN_OBJC_IMPLICIT_RETAIN_SELF = YES;
				CLANG_WARN_OBJC_LITERAL_CONVERSION = YES;
				CLANG_WARN_OBJC_ROOT_CLASS = YES_ERROR;
				CLANG_WARN_RANGE_LOOP_ANALYSIS = YES;
				CLANG_WARN_STRICT_PROTOTYPES = YES;
				CLANG_WARN_SUSPICIOUS_MOVE = YES;
				CLANG_WARN_UNGUARDED_AVAILABILITY = YES_AGGRESSIVE;
				CLANG_WARN_UNREACHABLE_CODE = YES;
				CLANG_WARN__DUPLICATE_METHOD_MATCH = YES;
				COPY_PHASE_STRIP = NO;
				DEBUG_INFORMATION_FORMAT = dwarf;
				ENABLE_STRICT_OBJC_MSGSEND = YES;
				ENABLE_TESTABILITY = YES;
				GCC_C_LANGUAGE_STANDARD = gnu11;
				GCC_DYNAMIC_NO_PIC = NO;
				GCC_NO_COMMON_BLOCKS = YES;
				GCC_OPTIMIZATION_LEVEL = 0;
				GCC_PREPROCESSOR_DEFINITIONS = (
					"DEBUG=1",
					"$(inherited)",
				);
				GCC_WARN_64_TO_32_BIT_CONVERSION = YES;
				GCC_WARN_ABOUT_RETURN_TYPE = YES_ERROR;
				GCC_WARN_UNDECLARED_SELECTOR = YES;
				GCC_WARN_UNINITIALIZED_AUTOS = YES_AGGRESSIVE;
				GCC_WARN_UNUSED_FUNCTION = YES;
				GCC_WARN_UNUSED_VARIABLE = YES;
				IPHONEOS_DEPLOYMENT_TARGET = 13.6;
				MTL_ENABLE_DEBUG_INFO = INCLUDE_SOURCE;
				MTL_FAST_MATH = YES;
				ONLY_ACTIVE_ARCH = YES;
				SDKROOT = iphoneos;
				SWIFT_ACTIVE_COMPILATION_CONDITIONS = DEBUG;
				SWIFT_OPTIMIZATION_LEVEL = "-Onone";
			};
			name = Debug;
		};
		BEACF0A924E2EE1A00E78F4B /* Release */ = {
			isa = XCBuildConfiguration;
			buildSettings = {
				ALWAYS_SEARCH_USER_PATHS = NO;
				CLANG_ANALYZER_NONNULL = YES;
				CLANG_ANALYZER_NUMBER_OBJECT_CONVERSION = YES_AGGRESSIVE;
				CLANG_CXX_LANGUAGE_STANDARD = "gnu++14";
				CLANG_CXX_LIBRARY = "libc++";
				CLANG_ENABLE_MODULES = YES;
				CLANG_ENABLE_OBJC_ARC = YES;
				CLANG_ENABLE_OBJC_WEAK = YES;
				CLANG_WARN_BLOCK_CAPTURE_AUTORELEASING = YES;
				CLANG_WARN_BOOL_CONVERSION = YES;
				CLANG_WARN_COMMA = YES;
				CLANG_WARN_CONSTANT_CONVERSION = YES;
				CLANG_WARN_DEPRECATED_OBJC_IMPLEMENTATIONS = YES;
				CLANG_WARN_DIRECT_OBJC_ISA_USAGE = YES_ERROR;
				CLANG_WARN_DOCUMENTATION_COMMENTS = YES;
				CLANG_WARN_EMPTY_BODY = YES;
				CLANG_WARN_ENUM_CONVERSION = YES;
				CLANG_WARN_INFINITE_RECURSION = YES;
				CLANG_WARN_INT_CONVERSION = YES;
				CLANG_WARN_NON_LITERAL_NULL_CONVERSION = YES;
				CLANG_WARN_OBJC_IMPLICIT_RETAIN_SELF = YES;
				CLANG_WARN_OBJC_LITERAL_CONVERSION = YES;
				CLANG_WARN_OBJC_ROOT_CLASS = YES_ERROR;
				CLANG_WARN_RANGE_LOOP_ANALYSIS = YES;
				CLANG_WARN_STRICT_PROTOTYPES = YES;
				CLANG_WARN_SUSPICIOUS_MOVE = YES;
				CLANG_WARN_UNGUARDED_AVAILABILITY = YES_AGGRESSIVE;
				CLANG_WARN_UNREACHABLE_CODE = YES;
				CLANG_WARN__DUPLICATE_METHOD_MATCH = YES;
				COPY_PHASE_STRIP = NO;
				DEBUG_INFORMATION_FORMAT = "dwarf-with-dsym";
				ENABLE_NS_ASSERTIONS = NO;
				ENABLE_STRICT_OBJC_MSGSEND = YES;
				GCC_C_LANGUAGE_STANDARD = gnu11;
				GCC_NO_COMMON_BLOCKS = YES;
				GCC_WARN_64_TO_32_BIT_CONVERSION = YES;
				GCC_WARN_ABOUT_RETURN_TYPE = YES_ERROR;
				GCC_WARN_UNDECLARED_SELECTOR = YES;
				GCC_WARN_UNINITIALIZED_AUTOS = YES_AGGRESSIVE;
				GCC_WARN_UNUSED_FUNCTION = YES;
				GCC_WARN_UNUSED_VARIABLE = YES;
				IPHONEOS_DEPLOYMENT_TARGET = 13.6;
				MTL_ENABLE_DEBUG_INFO = NO;
				MTL_FAST_MATH = YES;
				SDKROOT = iphoneos;
				SWIFT_COMPILATION_MODE = wholemodule;
				SWIFT_OPTIMIZATION_LEVEL = "-O";
				VALIDATE_PRODUCT = YES;
			};
			name = Release;
		};
		BEACF0AB24E2EE1A00E78F4B /* Debug */ = {
			isa = XCBuildConfiguration;
			buildSettings = {
				ASSETCATALOG_COMPILER_APPICON_NAME = AppIcon;
				CODE_SIGN_STYLE = Automatic;
				DEVELOPMENT_TEAM = 23WSBM7T82;
				INFOPLIST_FILE = CoreDataDemo/Info.plist;
				LD_RUNPATH_SEARCH_PATHS = (
					"$(inherited)",
					"@executable_path/Frameworks",
				);
				PRODUCT_BUNDLE_IDENTIFIER = jhfs.cin.ufpe.br.CoreDataDemo;
				PRODUCT_NAME = "$(TARGET_NAME)";
				SWIFT_VERSION = 5.0;
				TARGETED_DEVICE_FAMILY = "1,2";
			};
			name = Debug;
		};
		BEACF0AC24E2EE1A00E78F4B /* Release */ = {
			isa = XCBuildConfiguration;
			buildSettings = {
				ASSETCATALOG_COMPILER_APPICON_NAME = AppIcon;
				CODE_SIGN_STYLE = Automatic;
				DEVELOPMENT_TEAM = 23WSBM7T82;
				INFOPLIST_FILE = CoreDataDemo/Info.plist;
				LD_RUNPATH_SEARCH_PATHS = (
					"$(inherited)",
					"@executable_path/Frameworks",
				);
				PRODUCT_BUNDLE_IDENTIFIER = jhfs.cin.ufpe.br.CoreDataDemo;
				PRODUCT_NAME = "$(TARGET_NAME)";
				SWIFT_VERSION = 5.0;
				TARGETED_DEVICE_FAMILY = "1,2";
			};
			name = Release;
		};
/* End XCBuildConfiguration section */

/* Begin XCConfigurationList section */
		BEACF08E24E2EE1700E78F4B /* Build configuration list for PBXProject "CoreDataDemo" */ = {
			isa = XCConfigurationList;
			buildConfigurations = (
				BEACF0A824E2EE1A00E78F4B /* Debug */,
				BEACF0A924E2EE1A00E78F4B /* Release */,
			);
			defaultConfigurationIsVisible = 0;
			defaultConfigurationName = Release;
		};
		BEACF0AA24E2EE1A00E78F4B /* Build configuration list for PBXNativeTarget "CoreDataDemo" */ = {
			isa = XCConfigurationList;
			buildConfigurations = (
				BEACF0AB24E2EE1A00E78F4B /* Debug */,
				BEACF0AC24E2EE1A00E78F4B /* Release */,
			);
			defaultConfigurationIsVisible = 0;
			defaultConfigurationName = Release;
		};
/* End XCConfigurationList section */

/* Begin XCVersionGroup section */
		BEACF09F24E2EE1700E78F4B /* CoreDataDemo.xcdatamodeld */ = {
			isa = XCVersionGroup;
			children = (
				BEACF0A024E2EE1700E78F4B /* CoreDataDemo.xcdatamodel */,
			);
			currentVersion = BEACF0A024E2EE1700E78F4B /* CoreDataDemo.xcdatamodel */;
			path = CoreDataDemo.xcdatamodeld;
			sourceTree = "<group>";
			versionGroupType = wrapper.xcdatamodel;
		};
/* End XCVersionGroup section */
	};
	rootObject = BEACF08B24E2EE1700E78F4B /* Project object */;
}
